
Microsoft Visual Studio Solution File, Format Version 12.00
# Visual Studio Version 17
VisualStudioVersion = 17.14.36518.9 d17.14
MinimumVisualStudioVersion = 10.0.40219.1
Project("{FAE04EC0-301F-11D3-BF4B-00C04F79EFBC}") = "RiverRiddle", "RiverRiddle\RiverRiddle.csproj", "{974A10BD-997E-4192-B746-68A459128F97}"
EndProject
Global
	GlobalSection(SolutionConfigurationPlatforms) = preSolution
		Debug|Any CPU = Debug|Any CPU
		Release|Any CPU = Release|Any CPU
	EndGlobalSection
	GlobalSection(ProjectConfigurationPlatforms) = postSolution
		{974A10BD-997E-4192-B746-68A459128F97}.Debug|Any CPU.ActiveCfg = Debug|Any CPU
		{974A10BD-997E-4192-B746-68A459128F97}.Debug|Any CPU.Build.0 = Debug|Any CPU
		{974A10BD-997E-4192-B746-68A459128F97}.Release|Any CPU.ActiveCfg = Release|Any CPU
		{974A10BD-997E-4192-B746-68A459128F97}.Release|Any CPU.Build.0 = Release|Any CPU
	EndGlobalSection
	GlobalSection(SolutionProperties) = preSolution
		HideSolutionNode = FALSE
	EndGlobalSection
	GlobalSection(ExtensibilityGlobals) = postSolution
		SolutionGuid = {D91B4265-D066-4180-BD4A-7E29112C06F0}
	EndGlobalSection
EndGlobal
